Microsoft Visual Studio Solution File, Format Version 12.00
# Visual Studio 15
VisualStudioVersion = 15.0.28307.645
MinimumVisualStudioVersion = 10.0.40219.1
Project("{8BC9CEB8-8B4A-11D0-8D11-00A0C91BC942}") = "Raytracing", "Raytracing\Raytracing.vcxproj", "{5CD686F7-423E-492E-8E06-BC0C98EE595D}"
EndProject
Project("{2150E333-8FDC-42A3-9474-1A3956D46DE8}") = "CMakePredefinedTargets", "CMakePredefinedTargets", "{DB5BA437-B85B-3136-A889-9DF9AC2ADCFC}"
EndProject
Project("{8BC9CEB8-8B4A-11D0-8D11-00A0C91BC942}") = "ALL_BUILD", "..\..\..\Documents\GitHub\nanogui\build\ALL_BUILD.vcxproj", "{F660835E-8A75-323D-9FEF-53BED8A42FE7}"
	ProjectSection(ProjectDependencies) = postProject
		{302A0F3E-5EA8-359D-A7E8-AD6A3F6B90BD} = {302A0F3E-5EA8-359D-A7E8-AD6A3F6B90BD}
		{815AEEF9-EA1B-3DE6-A749-F698C584CD69} = {815AEEF9-EA1B-3DE6-A749-F698C584CD69}
		{67EA0E2D-DEAE-3ABB-9A5C-0EA77FC41527} = {67EA0E2D-DEAE-3ABB-9A5C-0EA77FC41527}
		{D0D2DE8D-3CD2-34C9-92A1-DC0E254D6C0A} = {D0D2DE8D-3CD2-34C9-92A1-DC0E254D6C0A}
		{11C67B35-3B16-3A2B-8E46-AAAE31208909} = {11C67B35-3B16-3A2B-8E46-AAAE31208909}
		{7529A3A0-7DD1-33AF-B965-5C12A1DC2B07} = {7529A3A0-7DD1-33AF-B965-5C12A1DC2B07}
		{8B3AA2AD-DA62-30B5-A755-C3766126912F} = {8B3AA2AD-DA62-30B5-A755-C3766126912F}
		{6FE22733-582C-3D79-84D9-B76AE6C8531F} = {6FE22733-582C-3D79-84D9-B76AE6C8531F}
		{035367AD-F0D4-3D64-9A82-C01DEB554B04} = {035367AD-F0D4-3D64-9A82-C01DEB554B04}
	EndProjectSection
EndProject
Project("{8BC9CEB8-8B4A-11D0-8D11-00A0C91BC942}") = "INSTALL", "..\..\..\Documents\GitHub\nanogui\build\INSTALL.vcxproj", "{30982A0A-7A6F-3089-82D8-419F4F107A8B}"
	ProjectSection(ProjectDependencies) = postProject
		{F660835E-8A75-323D-9FEF-53BED8A42FE7} = {F660835E-8A75-323D-9FEF-53BED8A42FE7}
		{302A0F3E-5EA8-359D-A7E8-AD6A3F6B90BD} = {302A0F3E-5EA8-359D-A7E8-AD6A3F6B90BD}
	EndProjectSection
EndProject
Project("{8BC9CEB8-8B4A-11D0-8D11-00A0C91BC942}") = "ZERO_CHECK", "..\..\..\Documents\GitHub\nanogui\build\ZERO_CHECK.vcxproj", "{302A0F3E-5EA8-359D-A7E8-AD6A3F6B90BD}"
EndProject
Project("{8BC9CEB8-8B4A-11D0-8D11-00A0C91BC942}") = "example1", "..\..\..\Documents\GitHub\nanogui\build\example1.vcxproj", "{815AEEF9-EA1B-3DE6-A749-F698C584CD69}"
	ProjectSection(ProjectDependencies) = postProject
		{302A0F3E-5EA8-359D-A7E8-AD6A3F6B90BD} = {302A0F3E-5EA8-359D-A7E8-AD6A3F6B90BD}
		{6FE22733-582C-3D79-84D9-B76AE6C8531F} = {6FE22733-582C-3D79-84D9-B76AE6C8531F}
	EndProjectSection
EndProject
Project("{8BC9CEB8-8B4A-11D0-8D11-00A0C91BC942}") = "example2", "..\..\..\Documents\GitHub\nanogui\build\example2.vcxproj", "{67EA0E2D-DEAE-3ABB-9A5C-0EA77FC41527}"
	ProjectSection(ProjectDependencies) = postProject
		{302A0F3E-5EA8-359D-A7E8-AD6A3F6B90BD} = {302A0F3E-5EA8-359D-A7E8-AD6A3F6B90BD}
		{6FE22733-582C-3D79-84D9-B76AE6C8531F} = {6FE22733-582C-3D79-84D9-B76AE6C8531F}
	EndProjectSection
EndProject
Project("{8BC9CEB8-8B4A-11D0-8D11-00A0C91BC942}") = "example3", "..\..\..\Documents\GitHub\nanogui\build\example3.vcxproj", "{D0D2DE8D-3CD2-34C9-92A1-DC0E254D6C0A}"
	ProjectSection(ProjectDependencies) = postProject
		{302A0F3E-5EA8-359D-A7E8-AD6A3F6B90BD} = {302A0F3E-5EA8-359D-A7E8-AD6A3F6B90BD}
		{6FE22733-582C-3D79-84D9-B76AE6C8531F} = {6FE22733-582C-3D79-84D9-B76AE6C8531F}
	EndProjectSection
EndProject
Project("{8BC9CEB8-8B4A-11D0-8D11-00A0C91BC942}") = "example4", "..\..\..\Documents\GitHub\nanogui\build\example4.vcxproj", "{11C67B35-3B16-3A2B-8E46-AAAE31208909}"
	ProjectSection(ProjectDependencies) = postProject
		{302A0F3E-5EA8-359D-A7E8-AD6A3F6B90BD} = {302A0F3E-5EA8-359D-A7E8-AD6A3F6B90BD}
		{6FE22733-582C-3D79-84D9-B76AE6C8531F} = {6FE22733-582C-3D79-84D9-B76AE6C8531F}
	EndProjectSection
EndProject
Project("{8BC9CEB8-8B4A-11D0-8D11-00A0C91BC942}") = "example_icons", "..\..\..\Documents\GitHub\nanogui\build\example_icons.vcxproj", "{7529A3A0-7DD1-33AF-B965-5C12A1DC2B07}"
	ProjectSection(ProjectDependencies) = postProject
		{302A0F3E-5EA8-359D-A7E8-AD6A3F6B90BD} = {302A0F3E-5EA8-359D-A7E8-AD6A3F6B90BD}
		{6FE22733-582C-3D79-84D9-B76AE6C8531F} = {6FE22733-582C-3D79-84D9-B76AE6C8531F}
	EndProjectSection
EndProject
Project("{8BC9CEB8-8B4A-11D0-8D11-00A0C91BC942}") = "glfw", "..\..\..\Documents\GitHub\nanogui\build\ext_build\glfw\src\glfw.vcxproj", "{EFBABD38-2C13-3F2E-B75F-195206159D97}"
	ProjectSection(ProjectDependencies) = postProject
		{302A0F3E-5EA8-359D-A7E8-AD6A3F6B90BD} = {302A0F3E-5EA8-359D-A7E8-AD6A3F6B90BD}
		{8B3AA2AD-DA62-30B5-A755-C3766126912F} = {8B3AA2AD-DA62-30B5-A755-C3766126912F}
	EndProjectSection
EndProject
Project("{8BC9CEB8-8B4A-11D0-8D11-00A0C91BC942}") = "glfw_objects", "..\..\..\Documents\GitHub\nanogui\build\ext_build\glfw\src\glfw_objects.vcxproj", "{8B3AA2AD-DA62-30B5-A755-C3766126912F}"
	ProjectSection(ProjectDependencies) = postProject
		{302A0F3E-5EA8-359D-A7E8-AD6A3F6B90BD} = {302A0F3E-5EA8-359D-A7E8-AD6A3F6B90BD}
	EndProjectSection
EndProject
Project("{8BC9CEB8-8B4A-11D0-8D11-00A0C91BC942}") = "mkdoc", "..\..\..\Documents\GitHub\nanogui\build\mkdoc.vcxproj", "{9788E576-2E84-3880-9602-3659551CFDEA}"
	ProjectSection(ProjectDependencies) = postProject
		{302A0F3E-5EA8-359D-A7E8-AD6A3F6B90BD} = {302A0F3E-5EA8-359D-A7E8-AD6A3F6B90BD}
	EndProjectSection
EndProject
Project("{8BC9CEB8-8B4A-11D0-8D11-00A0C91BC942}") = "nanogui", "..\..\..\Documents\GitHub\nanogui\build\nanogui.vcxproj", "{6FE22733-582C-3D79-84D9-B76AE6C8531F}"
	ProjectSection(ProjectDependencies) = postProject
		{302A0F3E-5EA8-359D-A7E8-AD6A3F6B90BD} = {302A0F3E-5EA8-359D-A7E8-AD6A3F6B90BD}
		{8B3AA2AD-DA62-30B5-A755-C3766126912F} = {8B3AA2AD-DA62-30B5-A755-C3766126912F}
		{035367AD-F0D4-3D64-9A82-C01DEB554B04} = {035367AD-F0D4-3D64-9A82-C01DEB554B04}
	EndProjectSection
EndProject
Project("{8BC9CEB8-8B4A-11D0-8D11-00A0C91BC942}") = "nanogui-obj", "..\..\..\Documents\GitHub\nanogui\build\nanogui-obj.vcxproj", "{035367AD-F0D4-3D64-9A82-C01DEB554B04}"
	ProjectSection(ProjectDependencies) = postProject
		{302A0F3E-5EA8-359D-A7E8-AD6A3F6B90BD} = {302A0F3E-5EA8-359D-A7E8-AD6A3F6B90BD}
	EndProjectSection
EndProject
Global
	GlobalSection(SolutionConfigurationPlatforms) = preSolution
		Debug|x64 = Debug|x64
		Debug|x86 = Debug|x86
		MinSizeRel|x64 = MinSizeRel|x64
		MinSizeRel|x86 = MinSizeRel|x86
		Release|x64 = Release|x64
		Release|x86 = Release|x86
		RelWithDebInfo|x64 = RelWithDebInfo|x64
		RelWithDebInfo|x86 = RelWithDebInfo|x86
	EndGlobalSection
	GlobalSection(ProjectConfigurationPlatforms) = postSolution
		{5CD686F7-423E-492E-8E06-BC0C98EE595D}.Debug|x64.ActiveCfg = Debug|x64
		{5CD686F7-423E-492E-8E06-BC0C98EE595D}.Debug|x64.Build.0 = Debug|x64
		{5CD686F7-423E-492E-8E06-BC0C98EE595D}.Debug|x86.ActiveCfg = Debug|Win32
		{5CD686F7-423E-492E-8E06-BC0C98EE595D}.Debug|x86.Build.0 = Debug|Win32
		{5CD686F7-423E-492E-8E06-BC0C98EE595D}.MinSizeRel|x64.ActiveCfg = Release|x64
		{5CD686F7-423E-492E-8E06-BC0C98EE595D}.MinSizeRel|x64.Build.0 = Release|x64
		{5CD686F7-423E-492E-8E06-BC0C98EE595D}.MinSizeRel|x86.ActiveCfg = Release|Win32
		{5CD686F7-423E-492E-8E06-BC0C98EE595D}.MinSizeRel|x86.Build.0 = Release|Win32
		{5CD686F7-423E-492E-8E06-BC0C98EE595D}.Release|x64.ActiveCfg = Release|x64
		{5CD686F7-423E-492E-8E06-BC0C98EE595D}.Release|x64.Build.0 = Release|x64
		{5CD686F7-423E-492E-8E06-BC0C98EE595D}.Release|x86.ActiveCfg = Release|Win32
		{5CD686F7-423E-492E-8E06-BC0C98EE595D}.Release|x86.Build.0 = Release|Win32
		{5CD686F7-423E-492E-8E06-BC0C98EE595D}.RelWithDebInfo|x64.ActiveCfg = Release|x64
		{5CD686F7-423E-492E-8E06-BC0C98EE595D}.RelWithDebInfo|x64.Build.0 = Release|x64
		{5CD686F7-423E-492E-8E06-BC0C98EE595D}.RelWithDebInfo|x86.ActiveCfg = Release|Win32
		{5CD686F7-423E-492E-8E06-BC0C98EE595D}.RelWithDebInfo|x86.Build.0 = Release|Win32
		{F660835E-8A75-323D-9FEF-53BED8A42FE7}.Debug|x64.ActiveCfg = Debug|x64
		{F660835E-8A75-323D-9FEF-53BED8A42FE7}.Debug|x64.Build.0 = Debug|x64
		{F660835E-8A75-323D-9FEF-53BED8A42FE7}.Debug|x86.ActiveCfg = Debug|x64
		{F660835E-8A75-323D-9FEF-53BED8A42FE7}.MinSizeRel|x64.ActiveCfg = MinSizeRel|x64
		{F660835E-8A75-323D-9FEF-53BED8A42FE7}.MinSizeRel|x64.Build.0 = MinSizeRel|x64
		{F660835E-8A75-323D-9FEF-53BED8A42FE7}.MinSizeRel|x86.ActiveCfg = MinSizeRel|x64
		{F660835E-8A75-323D-9FEF-53BED8A42FE7}.Release|x64.ActiveCfg = Release|x64
		{F660835E-8A75-323D-9FEF-53BED8A42FE7}.Release|x64.Build.0 = Release|x64
		{F660835E-8A75-323D-9FEF-53BED8A42FE7}.Release|x86.ActiveCfg = Release|x64
		{F660835E-8A75-323D-9FEF-53BED8A42FE7}.RelWithDebInfo|x64.ActiveCfg = RelWithDebInfo|x64
		{F660835E-8A75-323D-9FEF-53BED8A42FE7}.RelWithDebInfo|x64.Build.0 = RelWithDebInfo|x64
		{F660835E-8A75-323D-9FEF-53BED8A42FE7}.RelWithDebInfo|x86.ActiveCfg = RelWithDebInfo|x64
		{30982A0A-7A6F-3089-82D8-419F4F107A8B}.Debug|x64.ActiveCfg = Debug|x64
		{30982A0A-7A6F-3089-82D8-419F4F107A8B}.Debug|x86.ActiveCfg = Debug|x64
		{30982A0A-7A6F-3089-82D8-419F4F107A8B}.MinSizeRel|x64.ActiveCfg = MinSizeRel|x64
		{30982A0A-7A6F-3089-82D8-419F4F107A8B}.MinSizeRel|x86.ActiveCfg = MinSizeRel|x64
		{30982A0A-7A6F-3089-82D8-419F4F107A8B}.Release|x64.ActiveCfg = Release|x64
		{30982A0A-7A6F-3089-82D8-419F4F107A8B}.Release|x86.ActiveCfg = Release|x64
		{30982A0A-7A6F-3089-82D8-419F4F107A8B}.RelWithDebInfo|x64.ActiveCfg = RelWithDebInfo|x64
		{30982A0A-7A6F-3089-82D8-419F4F107A8B}.RelWithDebInfo|x86.ActiveCfg = RelWithDebInfo|x64
		{302A0F3E-5EA8-359D-A7E8-AD6A3F6B90BD}.Debug|x64.ActiveCfg = Debug|x64
		{302A0F3E-5EA8-359D-A7E8-AD6A3F6B90BD}.Debug|x64.Build.0 = Debug|x64
		{302A0F3E-5EA8-359D-A7E8-AD6A3F6B90BD}.Debug|x86.ActiveCfg = Debug|x64
		{302A0F3E-5EA8-359D-A7E8-AD6A3F6B90BD}.MinSizeRel|x64.ActiveCfg = MinSizeRel|x64
		{302A0F3E-5EA8-359D-A7E8-AD6A3F6B90BD}.MinSizeRel|x64.Build.0 = MinSizeRel|x64
		{302A0F3E-5EA8-359D-A7E8-AD6A3F6B90BD}.MinSizeRel|x86.ActiveCfg = MinSizeRel|x64
		{302A0F3E-5EA8-359D-A7E8-AD6A3F6B90BD}.Release|x64.ActiveCfg = Release|x64
		{302A0F3E-5EA8-359D-A7E8-AD6A3F6B90BD}.Release|x64.Build.0 = Release|x64
		{302A0F3E-5EA8-359D-A7E8-AD6A3F6B90BD}.Release|x86.ActiveCfg = Release|x64
		{302A0F3E-5EA8-359D-A7E8-AD6A3F6B90BD}.RelWithDebInfo|x64.ActiveCfg = RelWithDebInfo|x64
		{302A0F3E-5EA8-359D-A7E8-AD6A3F6B90BD}.RelWithDebInfo|x64.Build.0 = RelWithDebInfo|x64
		{302A0F3E-5EA8-359D-A7E8-AD6A3F6B90BD}.RelWithDebInfo|x86.ActiveCfg = RelWithDebInfo|x64
		{815AEEF9-EA1B-3DE6-A749-F698C584CD69}.Debug|x64.ActiveCfg = Debug|x64
		{815AEEF9-EA1B-3DE6-A749-F698C584CD69}.Debug|x64.Build.0 = Debug|x64
		{815AEEF9-EA1B-3DE6-A749-F698C584CD69}.Debug|x86.ActiveCfg = Debug|x64
		{815AEEF9-EA1B-3DE6-A749-F698C584CD69}.MinSizeRel|x64.ActiveCfg = MinSizeRel|x64
		{815AEEF9-EA1B-3DE6-A749-F698C584CD69}.MinSizeRel|x64.Build.0 = MinSizeRel|x64
		{815AEEF9-EA1B-3DE6-A749-F698C584CD69}.MinSizeRel|x86.ActiveCfg = MinSizeRel|x64
		{815AEEF9-EA1B-3DE6-A749-F698C584CD69}.Release|x64.ActiveCfg = Release|x64
		{815AEEF9-EA1B-3DE6-A749-F698C584CD69}.Release|x64.Build.0 = Release|x64
		{815AEEF9-EA1B-3DE6-A749-F698C584CD69}.Release|x86.ActiveCfg = Release|x64
		{815AEEF9-EA1B-3DE6-A749-F698C584CD69}.RelWithDebInfo|x64.ActiveCfg = RelWithDebInfo|x64
		{815AEEF9-EA1B-3DE6-A749-F698C584CD69}.RelWithDebInfo|x64.Build.0 = RelWithDebInfo|x64
		{815AEEF9-EA1B-3DE6-A749-F698C584CD69}.RelWithDebInfo|x86.ActiveCfg = RelWithDebInfo|x64
		{67EA0E2D-DEAE-3ABB-9A5C-0EA77FC41527}.Debug|x64.ActiveCfg = Debug|x64
		{67EA0E2D-DEAE-3ABB-9A5C-0EA77FC41527}.Debug|x64.Build.0 = Debug|x64
		{67EA0E2D-DEAE-3ABB-9A5C-0EA77FC41527}.Debug|x86.ActiveCfg = Debug|x64
		{67EA0E2D-DEAE-3ABB-9A5C-0EA77FC41527}.MinSizeRel|x64.ActiveCfg = MinSizeRel|x64
		{67EA0E2D-DEAE-3ABB-9A5C-0EA77FC41527}.MinSizeRel|x64.Build.0 = MinSizeRel|x64
		{67EA0E2D-DEAE-3ABB-9A5C-0EA77FC41527}.MinSizeRel|x86.ActiveCfg = MinSizeRel|x64
		{67EA0E2D-DEAE-3ABB-9A5C-0EA77FC41527}.Release|x64.ActiveCfg = Release|x64
		{67EA0E2D-DEAE-3ABB-9A5C-0EA77FC41527}.Release|x64.Build.0 = Release|x64
		{67EA0E2D-DEAE-3ABB-9A5C-0EA77FC41527}.Release|x86.ActiveCfg = Release|x64
		{67EA0E2D-DEAE-3ABB-9A5C-0EA77FC41527}.RelWithDebInfo|x64.ActiveCfg = RelWithDebInfo|x64
		{67EA0E2D-DEAE-3ABB-9A5C-0EA77FC41527}.RelWithDebInfo|x64.Build.0 = RelWithDebInfo|x64
		{67EA0E2D-DEAE-3ABB-9A5C-0EA77FC41527}.RelWithDebInfo|x86.ActiveCfg = RelWithDebInfo|x64
		{D0D2DE8D-3CD2-34C9-92A1-DC0E254D6C0A}.Debug|x64.ActiveCfg = Debug|x64
		{D0D2DE8D-3CD2-34C9-92A1-DC0E254D6C0A}.Debug|x64.Build.0 = Debug|x64
		{D0D2DE8D-3CD2-34C9-92A1-DC0E254D6C0A}.Debug|x86.ActiveCfg = Debug|x64
		{D0D2DE8D-3CD2-34C9-92A1-DC0E254D6C0A}.MinSizeRel|x64.ActiveCfg = MinSizeRel|x64
		{D0D2DE8D-3CD2-34C9-92A1-DC0E254D6C0A}.MinSizeRel|x64.Build.0 = MinSizeRel|x64
		{D0D2DE8D-3CD2-34C9-92A1-DC0E254D6C0A}.MinSizeRel|x86.ActiveCfg = MinSizeRel|x64
		{D0D2DE8D-3CD2-34C9-92A1-DC0E254D6C0A}.Release|x64.ActiveCfg = Release|x64
		{D0D2DE8D-3CD2-34C9-92A1-DC0E254D6C0A}.Release|x64.Build.0 = Release|x64
		{D0D2DE8D-3CD2-34C9-92A1-DC0E254D6C0A}.Release|x86.ActiveCfg = Release|x64
		{D0D2DE8D-3CD2-34C9-92A1-DC0E254D6C0A}.RelWithDebInfo|x64.ActiveCfg = RelWithDebInfo|x64
		{D0D2DE8D-3CD2-34C9-92A1-DC0E254D6C0A}.RelWithDebInfo|x64.Build.0 = RelWithDebInfo|x64
		{D0D2DE8D-3CD2-34C9-92A1-DC0E254D6C0A}.RelWithDebInfo|x86.ActiveCfg = RelWithDebInfo|x64
		{11C67B35-3B16-3A2B-8E46-AAAE31208909}.Debug|x64.ActiveCfg = Debug|x64
		{11C67B35-3B16-3A2B-8E46-AAAE31208909}.Debug|x64.Build.0 = Debug|x64
		{11C67B35-3B16-3A2B-8E46-AAAE31208909}.Debug|x86.ActiveCfg = Debug|x64
		{11C67B35-3B16-3A2B-8E46-AAAE31208909}.MinSizeRel|x64.ActiveCfg = MinSizeRel|x64
		{11C67B35-3B16-3A2B-8E46-AAAE31208909}.MinSizeRel|x64.Build.0 = MinSizeRel|x64
		{11C67B35-3B16-3A2B-8E46-AAAE31208909}.MinSizeRel|x86.ActiveCfg = MinSizeRel|x64
		{11C67B35-3B16-3A2B-8E46-AAAE31208909}.Release|x64.ActiveCfg = Release|x64
		{11C67B35-3B16-3A2B-8E46-AAAE31208909}.Release|x64.Build.0 = Release|x64
		{11C67B35-3B16-3A2B-8E46-AAAE31208909}.Release|x86.ActiveCfg = Release|x64
		{11C67B35-3B16-3A2B-8E46-AAAE31208909}.RelWithDebInfo|x64.ActiveCfg = RelWithDebInfo|x64
		{11C67B35-3B16-3A2B-8E46-AAAE31208909}.RelWithDebInfo|x64.Build.0 = RelWithDebInfo|x64
		{11C67B35-3B16-3A2B-8E46-AAAE31208909}.RelWithDebInfo|x86.ActiveCfg = RelWithDebInfo|x64
		{7529A3A0-7DD1-33AF-B965-5C12A1DC2B07}.Debug|x64.ActiveCfg = Debug|x64
		{7529A3A0-7DD1-33AF-B965-5C12A1DC2B07}.Debug|x64.Build.0 = Debug|x64
		{7529A3A0-7DD1-33AF-B965-5C12A1DC2B07}.Debug|x86.ActiveCfg = Debug|x64
		{7529A3A0-7DD1-33AF-B965-5C12A1DC2B07}.MinSizeRel|x64.ActiveCfg = MinSizeRel|x64
		{7529A3A0-7DD1-33AF-B965-5C12A1DC2B07}.MinSizeRel|x64.Build.0 = MinSizeRel|x64
		{7529A3A0-7DD1-33AF-B965-5C12A1DC2B07}.MinSizeRel|x86.ActiveCfg = MinSizeRel|x64
		{7529A3A0-7DD1-33AF-B965-5C12A1DC2B07}.Release|x64.ActiveCfg = Release|x64
		{7529A3A0-7DD1-33AF-B965-5C12A1DC2B07}.Release|x64.Build.0 = Release|x64
		{7529A3A0-7DD1-33AF-B965-5C12A1DC2B07}.Release|x86.ActiveCfg = Release|x64
		{7529A3A0-7DD1-33AF-B965-5C12A1DC2B07}.RelWithDebInfo|x64.ActiveCfg = RelWithDebInfo|x64
		{7529A3A0-7DD1-33AF-B965-5C12A1DC2B07}.RelWithDebInfo|x64.Build.0 = RelWithDebInfo|x64
		{7529A3A0-7DD1-33AF-B965-5C12A1DC2B07}.RelWithDebInfo|x86.ActiveCfg = RelWithDebInfo|x64
		{EFBABD38-2C13-3F2E-B75F-195206159D97}.Debug|x64.ActiveCfg = Debug|x64
		{EFBABD38-2C13-3F2E-B75F-195206159D97}.Debug|x86.ActiveCfg = Debug|x64
		{EFBABD38-2C13-3F2E-B75F-195206159D97}.MinSizeRel|x64.ActiveCfg = MinSizeRel|x64
		{EFBABD38-2C13-3F2E-B75F-195206159D97}.MinSizeRel|x86.ActiveCfg = MinSizeRel|x64
		{EFBABD38-2C13-3F2E-B75F-195206159D97}.Release|x64.ActiveCfg = Release|x64
		{EFBABD38-2C13-3F2E-B75F-195206159D97}.Release|x86.ActiveCfg = Release|x64
		{EFBABD38-2C13-3F2E-B75F-195206159D97}.RelWithDebInfo|x64.ActiveCfg = RelWithDebInfo|x64
		{EFBABD38-2C13-3F2E-B75F-195206159D97}.RelWithDebInfo|x86.ActiveCfg = RelWithDebInfo|x64
		{8B3AA2AD-DA62-30B5-A755-C3766126912F}.Debug|x64.ActiveCfg = Debug|x64
		{8B3AA2AD-DA62-30B5-A755-C3766126912F}.Debug|x64.Build.0 = Debug|x64
		{8B3AA2AD-DA62-30B5-A755-C3766126912F}.Debug|x86.ActiveCfg = Debug|x64
		{8B3AA2AD-DA62-30B5-A755-C3766126912F}.MinSizeRel|x64.ActiveCfg = MinSizeRel|x64
		{8B3AA2AD-DA62-30B5-A755-C3766126912F}.MinSizeRel|x64.Build.0 = MinSizeRel|x64
		{8B3AA2AD-DA62-30B5-A755-C3766126912F}.MinSizeRel|x86.ActiveCfg = MinSizeRel|x64
		{8B3AA2AD-DA62-30B5-A755-C3766126912F}.Release|x64.ActiveCfg = Release|x64
		{8B3AA2AD-DA62-30B5-A755-C3766126912F}.Release|x64.Build.0 = Release|x64
		{8B3AA2AD-DA62-30B5-A755-C3766126912F}.Release|x86.ActiveCfg = Release|x64
		{8B3AA2AD-DA62-30B5-A755-C3766126912F}.RelWithDebInfo|x64.ActiveCfg = RelWithDebInfo|x64
		{8B3AA2AD-DA62-30B5-A755-C3766126912F}.RelWithDebInfo|x64.Build.0 = RelWithDebInfo|x64
		{8B3AA2AD-DA62-30B5-A755-C3766126912F}.RelWithDebInfo|x86.ActiveCfg = RelWithDebInfo|x64
		{9788E576-2E84-3880-9602-3659551CFDEA}.Debug|x64.ActiveCfg = Debug|x64
		{9788E576-2E84-3880-9602-3659551CFDEA}.Debug|x86.ActiveCfg = Debug|x64
		{9788E576-2E84-3880-9602-3659551CFDEA}.MinSizeRel|x64.ActiveCfg = MinSizeRel|x64
		{9788E576-2E84-3880-9602-3659551CFDEA}.MinSizeRel|x86.ActiveCfg = MinSizeRel|x64
		{9788E576-2E84-3880-9602-3659551CFDEA}.Release|x64.ActiveCfg = Release|x64
		{9788E576-2E84-3880-9602-3659551CFDEA}.Release|x86.ActiveCfg = Release|x64
		{9788E576-2E84-3880-9602-3659551CFDEA}.RelWithDebInfo|x64.ActiveCfg = RelWithDebInfo|x64
		{9788E576-2E84-3880-9602-3659551CFDEA}.RelWithDebInfo|x86.ActiveCfg = RelWithDebInfo|x64
		{6FE22733-582C-3D79-84D9-B76AE6C8531F}.Debug|x64.ActiveCfg = Debug|x64
		{6FE22733-582C-3D79-84D9-B76AE6C8531F}.Debug|x64.Build.0 = Debug|x64
		{6FE22733-582C-3D79-84D9-B76AE6C8531F}.Debug|x86.ActiveCfg = Debug|x64
		{6FE22733-582C-3D79-84D9-B76AE6C8531F}.MinSizeRel|x64.ActiveCfg = MinSizeRel|x64
		{6FE22733-582C-3D79-84D9-B76AE6C8531F}.MinSizeRel|x64.Build.0 = MinSizeRel|x64
		{6FE22733-582C-3D79-84D9-B76AE6C8531F}.MinSizeRel|x86.ActiveCfg = MinSizeRel|x64
		{6FE22733-582C-3D79-84D9-B76AE6C8531F}.Release|x64.ActiveCfg = Release|x64
		{6FE22733-582C-3D79-84D9-B76AE6C8531F}.Release|x64.Build.0 = Release|x64
		{6FE22733-582C-3D79-84D9-B76AE6C8531F}.Release|x86.ActiveCfg = Release|x64
		{6FE22733-582C-3D79-84D9-B76AE6C8531F}.RelWithDebInfo|x64.ActiveCfg = RelWithDebInfo|x64
		{6FE22733-582C-3D79-84D9-B76AE6C8531F}.RelWithDebInfo|x64.Build.0 = RelWithDebInfo|x64
		{6FE22733-582C-3D79-84D9-B76AE6C8531F}.RelWithDebInfo|x86.ActiveCfg = RelWithDebInfo|x64
		{035367AD-F0D4-3D64-9A82-C01DEB554B04}.Debug|x64.ActiveCfg = Debug|x64
		{035367AD-F0D4-3D64-9A82-C01DEB554B04}.Debug|x64.Build.0 = Debug|x64
		{035367AD-F0D4-3D64-9A82-C01DEB554B04}.Debug|x86.ActiveCfg = Debug|x64
		{035367AD-F0D4-3D64-9A82-C01DEB554B04}.MinSizeRel|x64.ActiveCfg = MinSizeRel|x64
		{035367AD-F0D4-3D64-9A82-C01DEB554B04}.MinSizeRel|x64.Build.0 = MinSizeRel|x64
		{035367AD-F0D4-3D64-9A82-C01DEB554B04}.MinSizeRel|x86.ActiveCfg = MinSizeRel|x64
		{035367AD-F0D4-3D64-9A82-C01DEB554B04}.Release|x64.ActiveCfg = Release|x64
		{035367AD-F0D4-3D64-9A82-C01DEB554B04}.Release|x64.Build.0 = Release|x64
		{035367AD-F0D4-3D64-9A82-C01DEB554B04}.Release|x86.ActiveCfg = Release|x64
		{035367AD-F0D4-3D64-9A82-C01DEB554B04}.RelWithDebInfo|x64.ActiveCfg = RelWithDebInfo|x64
		{035367AD-F0D4-3D64-9A82-C01DEB554B04}.RelWithDebInfo|x64.Build.0 = RelWithDebInfo|x64
		{035367AD-F0D4-3D64-9A82-C01DEB554B04}.RelWithDebInfo|x86.ActiveCfg = RelWithDebInfo|x64
	EndGlobalSection
	GlobalSection(SolutionProperties) = preSolution
		HideSolutionNode = FALSE
	EndGlobalSection
	GlobalSection(NestedProjects) = preSolution
		{F660835E-8A75-323D-9FEF-53BED8A42FE7} = {DB5BA437-B85B-3136-A889-9DF9AC2ADCFC}
		{30982A0A-7A6F-3089-82D8-419F4F107A8B} = {DB5BA437-B85B-3136-A889-9DF9AC2ADCFC}
		{302A0F3E-5EA8-359D-A7E8-AD6A3F6B90BD} = {DB5BA437-B85B-3136-A889-9DF9AC2ADCFC}
	EndGlobalSection
	GlobalSection(ExtensibilityGlobals) = postSolution
		SolutionGuid = {CDF78E61-C24B-305A-BA76-9DF152122A96}
	EndGlobalSection
EndGlobal
